
Microsoft Visual Studio Solution File, Format Version 12.00
# Visual Studio 15
Project("{FAE04EC0-301F-11D3-BF4B-00C04F79EFBC}") = "Assembly-CSharp", "Assembly-CSharp.csproj", "{EEE981D9-C4C1-43F1-C7F6-1803AD5DC08A}"
EndProject
Global
	GlobalSection(SolutionConfigurationPlatforms) = preSolution
		Debug|Any CPU = Debug|Any CPU
		Release|Any CPU = Release|Any CPU
	EndGlobalSection
	GlobalSection(ProjectConfigurationPlatforms) = postSolution
		{EEE981D9-C4C1-43F1-C7F6-1803AD5DC08A}.Debug|Any CPU.ActiveCfg = Debug|Any CPU
		{EEE981D9-C4C1-43F1-C7F6-1803AD5DC08A}.Debug|Any CPU.Build.0 = Debug|Any CPU
		{EEE981D9-C4C1-43F1-C7F6-1803AD5DC08A}.Release|Any CPU.ActiveCfg = Release|Any CPU
		{EEE981D9-C4C1-43F1-C7F6-1803AD5DC08A}.Release|Any CPU.Build.0 = Release|Any CPU
	EndGlobalSection
	GlobalSection(SolutionProperties) = preSolution
		HideSolutionNode = FALSE
	EndGlobalSection
EndGlobal
